{
  "name": "pinipig",
  "version": "0.3.1",
  "lockfileVersion": 1,
  "requires": true,
  "dependencies": {
    "8colors": {
      "version": "1.0.1",
      "resolved": "https://registry.npmjs.org/8colors/-/8colors-1.0.1.tgz",
      "integrity": "sha1-zbEJ8sq8hCi5XJhs7ky8t2pOm2Q="
    },
    "lodash": {
      "version": "4.17.5",
      "resolved": "https://registry.npmjs.org/lodash/-/lodash-4.17.5.tgz",
      "integrity": "sha512-svL3uiZf1RwhH+cWrfZn3A4+U58wbP0tGVTLQPbjplZxZ8ROD9VLuNgsRniTlLe7OlSqR79RUehXgpBW/s0IQw=="
    }
  }
}
